
Microsoft Visual Studio Solution File, Format Version 12.00
# Visual Studio Version 16
VisualStudioVersion = 16.0.31025.194
MinimumVisualStudioVersion = 10.0.40219.1
Project("{FAE04EC0-301F-11D3-BF4B-00C04F79EFBC}") = "Dotnet-Esential-Task", "Dotnet-Esential-Task\Dotnet-Esential-Task.csproj", "{830EB8B8-0B04-4383-9750-B9C4B8E6130D}"
EndProject
Project("{FAE04EC0-301F-11D3-BF4B-00C04F79EFBC}") = "1_Classes", "1_Classes\1_Classes.csproj", "{2DD25E81-F492-4637-B564-4DD6321D7D15}"
EndProject
Project("{FAE04EC0-301F-11D3-BF4B-00C04F79EFBC}") = "2_Classes", "2_Classes\2_Classes.csproj", "{89F3CD82-C5DA-40BA-84DF-49E459D7844A}"
EndProject
Project("{FAE04EC0-301F-11D3-BF4B-00C04F79EFBC}") = "3_Inheritance", "3_Inheritance\3_Inheritance.csproj", "{D05E7605-8D14-476E-B87F-E9D99A04EA05}"
EndProject
Global
	GlobalSection(SolutionConfigurationPlatforms) = preSolution
		Debug|Any CPU = Debug|Any CPU
		Release|Any CPU = Release|Any CPU
	EndGlobalSection
	GlobalSection(ProjectConfigurationPlatforms) = postSolution
		{830EB8B8-0B04-4383-9750-B9C4B8E6130D}.Debug|Any CPU.ActiveCfg = Debug|Any CPU
		{830EB8B8-0B04-4383-9750-B9C4B8E6130D}.Debug|Any CPU.Build.0 = Debug|Any CPU
		{830EB8B8-0B04-4383-9750-B9C4B8E6130D}.Release|Any CPU.ActiveCfg = Release|Any CPU
		{830EB8B8-0B04-4383-9750-B9C4B8E6130D}.Release|Any CPU.Build.0 = Release|Any CPU
		{2DD25E81-F492-4637-B564-4DD6321D7D15}.Debug|Any CPU.ActiveCfg = Debug|Any CPU
		{2DD25E81-F492-4637-B564-4DD6321D7D15}.Debug|Any CPU.Build.0 = Debug|Any CPU
		{2DD25E81-F492-4637-B564-4DD6321D7D15}.Release|Any CPU.ActiveCfg = Release|Any CPU
		{2DD25E81-F492-4637-B564-4DD6321D7D15}.Release|Any CPU.Build.0 = Release|Any CPU
		{89F3CD82-C5DA-40BA-84DF-49E459D7844A}.Debug|Any CPU.ActiveCfg = Debug|Any CPU
		{89F3CD82-C5DA-40BA-84DF-49E459D7844A}.Debug|Any CPU.Build.0 = Debug|Any CPU
		{89F3CD82-C5DA-40BA-84DF-49E459D7844A}.Release|Any CPU.ActiveCfg = Release|Any CPU
		{89F3CD82-C5DA-40BA-84DF-49E459D7844A}.Release|Any CPU.Build.0 = Release|Any CPU
		{D05E7605-8D14-476E-B87F-E9D99A04EA05}.Debug|Any CPU.ActiveCfg = Debug|Any CPU
		{D05E7605-8D14-476E-B87F-E9D99A04EA05}.Debug|Any CPU.Build.0 = Debug|Any CPU
		{D05E7605-8D14-476E-B87F-E9D99A04EA05}.Release|Any CPU.ActiveCfg = Release|Any CPU
		{D05E7605-8D14-476E-B87F-E9D99A04EA05}.Release|Any CPU.Build.0 = Release|Any CPU
	EndGlobalSection
	GlobalSection(SolutionProperties) = preSolution
		HideSolutionNode = FALSE
	EndGlobalSection
	GlobalSection(ExtensibilityGlobals) = postSolution
		SolutionGuid = {CDCDC1BF-8D9C-41F8-9576-8731932F86C3}
	EndGlobalSection
EndGlobal
