
Microsoft Visual Studio Solution File, Format Version 12.00
# Visual Studio Version 16
VisualStudioVersion = 16.0.31025.194
MinimumVisualStudioVersion = 10.0.40219.1
Project("{9A19103F-16F7-4668-BE54-9A1E7A4F7556}") = "Dotnet-Esential-Task", "Dotnet-Esential-Task\Dotnet-Esential-Task.csproj", "{830EB8B8-0B04-4383-9750-B9C4B8E6130D}"
EndProject
Project("{9A19103F-16F7-4668-BE54-9A1E7A4F7556}") = "1_Classes", "1_Classes\1_Classes.csproj", "{2DD25E81-F492-4637-B564-4DD6321D7D15}"
EndProject
Project("{9A19103F-16F7-4668-BE54-9A1E7A4F7556}") = "2_Classes", "2_Classes\2_Classes.csproj", "{89F3CD82-C5DA-40BA-84DF-49E459D7844A}"
EndProject
Project("{9A19103F-16F7-4668-BE54-9A1E7A4F7556}") = "3_Inheritance", "3_Inheritance\3_Inheritance.csproj", "{D05E7605-8D14-476E-B87F-E9D99A04EA05}"
EndProject
Project("{9A19103F-16F7-4668-BE54-9A1E7A4F7556}") = "4_Inheritance", "4_Inheritance\4_Inheritance.csproj", "{462682C2-C854-4659-A13F-68CD2CACAA8A}"
EndProject
Project("{9A19103F-16F7-4668-BE54-9A1E7A4F7556}") = "5_Inheritance", "5_Polymorphism\5_Inheritance.csproj", "{8ADF6C56-2844-40CB-AE3E-3968F87D18DB}"
EndProject
Project("{9A19103F-16F7-4668-BE54-9A1E7A4F7556}") = "6_Abstraction", "6_Abstraction\6_Abstraction.csproj", "{0A9099AA-837D-4E23-ABAF-98942EFB8F16}"
EndProject
Project("{9A19103F-16F7-4668-BE54-9A1E7A4F7556}") = "7_Interface", "7_Interface\7_Interface.csproj", "{6B4C4A83-A2E4-457A-8645-D7EAA3FC727E}"
EndProject
Project("{FAE04EC0-301F-11D3-BF4B-00C04F79EFBC}") = "8_Arrays", "8_Arrays\8_Arrays.csproj", "{C4AA3ED9-4345-47B2-9168-4C7656AA3B92}"
EndProject
Global
	GlobalSection(SolutionConfigurationPlatforms) = preSolution
		Debug|Any CPU = Debug|Any CPU
		Release|Any CPU = Release|Any CPU
	EndGlobalSection
	GlobalSection(ProjectConfigurationPlatforms) = postSolution
		{830EB8B8-0B04-4383-9750-B9C4B8E6130D}.Debug|Any CPU.ActiveCfg = Debug|Any CPU
		{830EB8B8-0B04-4383-9750-B9C4B8E6130D}.Debug|Any CPU.Build.0 = Debug|Any CPU
		{830EB8B8-0B04-4383-9750-B9C4B8E6130D}.Release|Any CPU.ActiveCfg = Release|Any CPU
		{830EB8B8-0B04-4383-9750-B9C4B8E6130D}.Release|Any CPU.Build.0 = Release|Any CPU
		{2DD25E81-F492-4637-B564-4DD6321D7D15}.Debug|Any CPU.ActiveCfg = Debug|Any CPU
		{2DD25E81-F492-4637-B564-4DD6321D7D15}.Debug|Any CPU.Build.0 = Debug|Any CPU
		{2DD25E81-F492-4637-B564-4DD6321D7D15}.Release|Any CPU.ActiveCfg = Release|Any CPU
		{2DD25E81-F492-4637-B564-4DD6321D7D15}.Release|Any CPU.Build.0 = Release|Any CPU
		{89F3CD82-C5DA-40BA-84DF-49E459D7844A}.Debug|Any CPU.ActiveCfg = Debug|Any CPU
		{89F3CD82-C5DA-40BA-84DF-49E459D7844A}.Debug|Any CPU.Build.0 = Debug|Any CPU
		{89F3CD82-C5DA-40BA-84DF-49E459D7844A}.Release|Any CPU.ActiveCfg = Release|Any CPU
		{89F3CD82-C5DA-40BA-84DF-49E459D7844A}.Release|Any CPU.Build.0 = Release|Any CPU
		{D05E7605-8D14-476E-B87F-E9D99A04EA05}.Debug|Any CPU.ActiveCfg = Debug|Any CPU
		{D05E7605-8D14-476E-B87F-E9D99A04EA05}.Debug|Any CPU.Build.0 = Debug|Any CPU
		{D05E7605-8D14-476E-B87F-E9D99A04EA05}.Release|Any CPU.ActiveCfg = Release|Any CPU
		{D05E7605-8D14-476E-B87F-E9D99A04EA05}.Release|Any CPU.Build.0 = Release|Any CPU
		{462682C2-C854-4659-A13F-68CD2CACAA8A}.Debug|Any CPU.ActiveCfg = Debug|Any CPU
		{462682C2-C854-4659-A13F-68CD2CACAA8A}.Debug|Any CPU.Build.0 = Debug|Any CPU
		{462682C2-C854-4659-A13F-68CD2CACAA8A}.Release|Any CPU.ActiveCfg = Release|Any CPU
		{462682C2-C854-4659-A13F-68CD2CACAA8A}.Release|Any CPU.Build.0 = Release|Any CPU
		{8ADF6C56-2844-40CB-AE3E-3968F87D18DB}.Debug|Any CPU.ActiveCfg = Debug|Any CPU
		{8ADF6C56-2844-40CB-AE3E-3968F87D18DB}.Debug|Any CPU.Build.0 = Debug|Any CPU
		{8ADF6C56-2844-40CB-AE3E-3968F87D18DB}.Release|Any CPU.ActiveCfg = Release|Any CPU
		{8ADF6C56-2844-40CB-AE3E-3968F87D18DB}.Release|Any CPU.Build.0 = Release|Any CPU
		{0A9099AA-837D-4E23-ABAF-98942EFB8F16}.Debug|Any CPU.ActiveCfg = Debug|Any CPU
		{0A9099AA-837D-4E23-ABAF-98942EFB8F16}.Debug|Any CPU.Build.0 = Debug|Any CPU
		{0A9099AA-837D-4E23-ABAF-98942EFB8F16}.Release|Any CPU.ActiveCfg = Release|Any CPU
		{0A9099AA-837D-4E23-ABAF-98942EFB8F16}.Release|Any CPU.Build.0 = Release|Any CPU
		{6B4C4A83-A2E4-457A-8645-D7EAA3FC727E}.Debug|Any CPU.ActiveCfg = Debug|Any CPU
		{6B4C4A83-A2E4-457A-8645-D7EAA3FC727E}.Debug|Any CPU.Build.0 = Debug|Any CPU
		{6B4C4A83-A2E4-457A-8645-D7EAA3FC727E}.Release|Any CPU.ActiveCfg = Release|Any CPU
		{6B4C4A83-A2E4-457A-8645-D7EAA3FC727E}.Release|Any CPU.Build.0 = Release|Any CPU
		{C4AA3ED9-4345-47B2-9168-4C7656AA3B92}.Debug|Any CPU.ActiveCfg = Debug|Any CPU
		{C4AA3ED9-4345-47B2-9168-4C7656AA3B92}.Debug|Any CPU.Build.0 = Debug|Any CPU
		{C4AA3ED9-4345-47B2-9168-4C7656AA3B92}.Release|Any CPU.ActiveCfg = Release|Any CPU
		{C4AA3ED9-4345-47B2-9168-4C7656AA3B92}.Release|Any CPU.Build.0 = Release|Any CPU
	EndGlobalSection
	GlobalSection(SolutionProperties) = preSolution
		HideSolutionNode = FALSE
	EndGlobalSection
	GlobalSection(ExtensibilityGlobals) = postSolution
		SolutionGuid = {CDCDC1BF-8D9C-41F8-9576-8731932F86C3}
	EndGlobalSection
EndGlobal
